
Microsoft Visual Studio Solution File, Format Version 12.00
# Visual Studio Version 17
VisualStudioVersion = 17.2.32616.157
MinimumVisualStudioVersion = 10.0.40219.1
Project("{FAE04EC0-301F-11D3-BF4B-00C04F79EFBC}") = "TestingProject", "TestingProject\TestingProject.csproj", "{FEF14C3F-40C6-4C88-9FB3-B28E58E560DF}"
EndProject
Global
	GlobalSection(SolutionConfigurationPlatforms) = preSolution
		Debug|Any CPU = Debug|Any CPU
		Release|Any CPU = Release|Any CPU
	EndGlobalSection
	GlobalSection(ProjectConfigurationPlatforms) = postSolution
		{FEF14C3F-40C6-4C88-9FB3-B28E58E560DF}.Debug|Any CPU.ActiveCfg = Debug|Any CPU
		{FEF14C3F-40C6-4C88-9FB3-B28E58E560DF}.Debug|Any CPU.Build.0 = Debug|Any CPU
		{FEF14C3F-40C6-4C88-9FB3-B28E58E560DF}.Release|Any CPU.ActiveCfg = Release|Any CPU
		{FEF14C3F-40C6-4C88-9FB3-B28E58E560DF}.Release|Any CPU.Build.0 = Release|Any CPU
	EndGlobalSection
	GlobalSection(SolutionProperties) = preSolution
		HideSolutionNode = FALSE
	EndGlobalSection
	GlobalSection(ExtensibilityGlobals) = postSolution
		SolutionGuid = {4DF3AA6E-AA5A-4342-84BA-E2A490307EA3}
	EndGlobalSection
EndGlobal
